lockfileVersion: '9.0'

settings:
  autoInstallPeers: false
  excludeLinksFromLockfile: false

importers:

  .:
    devDependencies:
      prettier:
        specifier: ^3.8.3
        version: 3.8.3
      typescript:
        specifier: ~5.9.3
        version: 5.9.3

packages:

  prettier@3.8.3:
    resolution: {integrity: sha512-7igPTM53cGHMW8xWuVTydi2KO233VFiTNyF5hLJqpilHfmn8C8gPf+PS7dUT64YcXFbiMGZxS9pCSxL/Dxm/Jw==}
    engines: {node: '>=14'}
    hasBin: true

  typescript@5.9.3:
    resolution: {integrity: sha512-jl1vZzPDinLr9eUt3J/t7V6FgNEw9QjvBPdysz9KfQDD41fQrC2Y4vKQdiaUpFT4bXlb1RHhLpp8wtm6M5TgSw==}
    engines: {node: '>=14.17'}
    hasBin: true

catalogs:
  default:
    '@replit/vite-plugin-cartographer':
      specifier: ^0.5.1
      version: 0.5.5
    '@replit/vite-plugin-runtime-error-modal':
      specifier: ^0.0.6
      version: 0.0.6
    '@tailwindcss/vite':
      specifier: ^4.1.14
      version: 4.3.0
    '@tanstack/react-query':
      specifier: ^5.90.21
      version: 5.100.9
    '@types/node':
      specifier: ^25.3.3
      version: 25.6.2
    '@types/react':
      specifier: ^19.2.0
      version: 19.2.14
    '@types/react-dom':
      specifier: ^19.2.0
      version: 19.2.3
    '@vitejs/plugin-react':
      specifier: ^5.0.4
      version: 5.2.0
    class-variance-authority:
      specifier: ^0.7.1
      version: 0.7.1
    clsx:
      specifier: ^2.1.1
      version: 2.1.1
    drizzle-orm:
      specifier: ^0.45.2
      version: 0.45.2
    framer-motion:
      specifier: ^12.23.24
      version: 12.38.0
    lucide-react:
      specifier: ^0.545.0
      version: 0.545.0
    react:
      specifier: 19.1.0
      version: 19.1.0
    react-dom:
      specifier: 19.1.0
      version: 19.1.0
    tailwind-merge:
      specifier: ^3.3.1
      version: 3.5.0
    tailwindcss:
      specifier: ^4.1.14
      version: 4.3.0
    tsx:
      specifier: ^4.21.0
      version: 4.21.0
    vite:
      specifier: ^7.3.2
      version: 7.3.3
    zod:
      specifier: ^3.25.76
      version: 3.25.76

snapshots:

  prettier@3.8.3: {}

  typescript@5.9.3: {}
